
Microsoft Visual Studio Solution File, Format Version 12.00
# Visual Studio Version 17
VisualStudioVersion = 17.8.34525.116
MinimumVisualStudioVersion = 10.0.40219.1
Project("{FAE04EC0-301F-11D3-BF4B-00C04F79EFBC}") = "02_Variables", "02_Variables.csproj", "{7D8CC6A5-408F-4A00-A307-CC51B904463E}"
EndProject
Global
	GlobalSection(SolutionConfigurationPlatforms) = preSolution
		Debug|Any CPU = Debug|Any CPU
		Release|Any CPU = Release|Any CPU
	EndGlobalSection
	GlobalSection(ProjectConfigurationPlatforms) = postSolution
		{7D8CC6A5-408F-4A00-A307-CC51B904463E}.Debug|Any CPU.ActiveCfg = Debug|Any CPU
		{7D8CC6A5-408F-4A00-A307-CC51B904463E}.Debug|Any CPU.Build.0 = Debug|Any CPU
		{7D8CC6A5-408F-4A00-A307-CC51B904463E}.Release|Any CPU.ActiveCfg = Release|Any CPU
		{7D8CC6A5-408F-4A00-A307-CC51B904463E}.Release|Any CPU.Build.0 = Release|Any CPU
	EndGlobalSection
	GlobalSection(SolutionProperties) = preSolution
		HideSolutionNode = FALSE
	EndGlobalSection
	GlobalSection(ExtensibilityGlobals) = postSolution
		SolutionGuid = {345B2ADF-6487-43F2-B569-6BE661AA4250}
	EndGlobalSection
EndGlobal
