
Microsoft Visual Studio Solution File, Format Version 12.00
# Visual Studio Version 17
VisualStudioVersion = 17.8.34525.116
MinimumVisualStudioVersion = 10.0.40219.1
Project("{FAE04EC0-301F-11D3-BF4B-00C04F79EFBC}") = "array_06", "array_06.csproj", "{EA3277D8-5F92-413A-B52F-2214E06CA5DD}"
EndProject
Global
	GlobalSection(SolutionConfigurationPlatforms) = preSolution
		Debug|Any CPU = Debug|Any CPU
		Release|Any CPU = Release|Any CPU
	EndGlobalSection
	GlobalSection(ProjectConfigurationPlatforms) = postSolution
		{EA3277D8-5F92-413A-B52F-2214E06CA5DD}.Debug|Any CPU.ActiveCfg = Debug|Any CPU
		{EA3277D8-5F92-413A-B52F-2214E06CA5DD}.Debug|Any CPU.Build.0 = Debug|Any CPU
		{EA3277D8-5F92-413A-B52F-2214E06CA5DD}.Release|Any CPU.ActiveCfg = Release|Any CPU
		{EA3277D8-5F92-413A-B52F-2214E06CA5DD}.Release|Any CPU.Build.0 = Release|Any CPU
	EndGlobalSection
	GlobalSection(SolutionProperties) = preSolution
		HideSolutionNode = FALSE
	EndGlobalSection
	GlobalSection(ExtensibilityGlobals) = postSolution
		SolutionGuid = {65C0A424-F6AF-4E2B-A889-EFBFE8C351C4}
	EndGlobalSection
EndGlobal
